
Microsoft Visual Studio Solution File, Format Version 12.00
# Visual Studio Version 16
VisualStudioVersion = 16.0.30309.148
MinimumVisualStudioVersion = 10.0.40219.1
Project("{9A19103F-16F7-4668-BE54-9A1E7A4F7556}") = "U4DosRandomizer", "U4DosRandomizer\U4DosRandomizer.csproj", "{800FCB8A-0CA9-4E9A-B2C7-02C670F4AAEA}"
EndProject
Project("{FAE04EC0-301F-11D3-BF4B-00C04F79EFBC}") = "U4DosRandomizer.UnitTests", "U4DosRandomizer.UnitTests\U4DosRandomizer.UnitTests.csproj", "{1E9EC3BC-4626-4DF0-AA29-7BF1B42A8BF5}"
EndProject
Global
	GlobalSection(SolutionConfigurationPlatforms) = preSolution
		Debug|Any CPU = Debug|Any CPU
		Release|Any CPU = Release|Any CPU
	EndGlobalSection
	GlobalSection(ProjectConfigurationPlatforms) = postSolution
		{800FCB8A-0CA9-4E9A-B2C7-02C670F4AAEA}.Debug|Any CPU.ActiveCfg = Debug|Any CPU
		{800FCB8A-0CA9-4E9A-B2C7-02C670F4AAEA}.Debug|Any CPU.Build.0 = Debug|Any CPU
		{800FCB8A-0CA9-4E9A-B2C7-02C670F4AAEA}.Release|Any CPU.ActiveCfg = Release|Any CPU
		{800FCB8A-0CA9-4E9A-B2C7-02C670F4AAEA}.Release|Any CPU.Build.0 = Release|Any CPU
		{1E9EC3BC-4626-4DF0-AA29-7BF1B42A8BF5}.Debug|Any CPU.ActiveCfg = Debug|Any CPU
		{1E9EC3BC-4626-4DF0-AA29-7BF1B42A8BF5}.Debug|Any CPU.Build.0 = Debug|Any CPU
		{1E9EC3BC-4626-4DF0-AA29-7BF1B42A8BF5}.Release|Any CPU.ActiveCfg = Release|Any CPU
		{1E9EC3BC-4626-4DF0-AA29-7BF1B42A8BF5}.Release|Any CPU.Build.0 = Release|Any CPU
	EndGlobalSection
	GlobalSection(SolutionProperties) = preSolution
		HideSolutionNode = FALSE
	EndGlobalSection
	GlobalSection(ExtensibilityGlobals) = postSolution
		SolutionGuid = {EF46A309-F7F5-4E9C-870F-54A31F8253A9}
	EndGlobalSection
EndGlobal
