
Microsoft Visual Studio Solution File, Format Version 12.00
# Visual Studio Version 16
VisualStudioVersion = 16.0.30309.148
MinimumVisualStudioVersion = 10.0.40219.1
Project("{9A19103F-16F7-4668-BE54-9A1E7A4F7556}") = "U4DosRandomizer", "U4DosRandomizer\U4DosRandomizer.csproj", "{800FCB8A-0CA9-4E9A-B2C7-02C670F4AAEA}"
EndProject
Project("{9A19103F-16F7-4668-BE54-9A1E7A4F7556}") = "U4DosRandomizer.UnitTests", "U4DosRandomizer.UnitTests\U4DosRandomizer.UnitTests.csproj", "{1E9EC3BC-4626-4DF0-AA29-7BF1B42A8BF5}"
EndProject
Project("{2150E333-8FDC-42A3-9474-1A3956D46DE8}") = ".github", ".github", "{2840E02F-D84C-4495-B268-BA6CFB37583C}"
	ProjectSection(SolutionItems) = preProject
		.gitignore = .gitignore
		.github\workflows\dotnet-core.yml = .github\workflows\dotnet-core.yml
		LICENSE = LICENSE
		README.md = README.md
		.github\workflows\release.yml = .github\workflows\release.yml
	EndProjectSection
EndProject
Project("{9A19103F-16F7-4668-BE54-9A1E7A4F7556}") = "U4DosRandomizer.Benchmarks", "U4DosRandomizer.Benchmarks\U4DosRandomizer.Benchmarks.csproj", "{2469CC0F-63BC-44CC-BE1D-8315D6B3247D}"
EndProject
Project("{9A19103F-16F7-4668-BE54-9A1E7A4F7556}") = "U4DosRandomizer.Patcher", "U4DosRandomizer.Patcher\U4DosRandomizer.Patcher.csproj", "{A6D09746-63C6-4853-9F12-6844B46ABDEC}"
EndProject
Project("{9A19103F-16F7-4668-BE54-9A1E7A4F7556}") = "U4Randomizer.Visualizer", "U4Randomizer.Visualizer\U4Randomizer.Visualizer.csproj", "{A4206EBD-CC3D-431A-A6A6-254C21A71098}"
EndProject
Global
	GlobalSection(SolutionConfigurationPlatforms) = preSolution
		Debug|Any CPU = Debug|Any CPU
		Release|Any CPU = Release|Any CPU
	EndGlobalSection
	GlobalSection(ProjectConfigurationPlatforms) = postSolution
		{800FCB8A-0CA9-4E9A-B2C7-02C670F4AAEA}.Debug|Any CPU.ActiveCfg = Debug|Any CPU
		{800FCB8A-0CA9-4E9A-B2C7-02C670F4AAEA}.Debug|Any CPU.Build.0 = Debug|Any CPU
		{800FCB8A-0CA9-4E9A-B2C7-02C670F4AAEA}.Release|Any CPU.ActiveCfg = Release|Any CPU
		{800FCB8A-0CA9-4E9A-B2C7-02C670F4AAEA}.Release|Any CPU.Build.0 = Release|Any CPU
		{1E9EC3BC-4626-4DF0-AA29-7BF1B42A8BF5}.Debug|Any CPU.ActiveCfg = Debug|Any CPU
		{1E9EC3BC-4626-4DF0-AA29-7BF1B42A8BF5}.Debug|Any CPU.Build.0 = Debug|Any CPU
		{1E9EC3BC-4626-4DF0-AA29-7BF1B42A8BF5}.Release|Any CPU.ActiveCfg = Release|Any CPU
		{1E9EC3BC-4626-4DF0-AA29-7BF1B42A8BF5}.Release|Any CPU.Build.0 = Release|Any CPU
		{2469CC0F-63BC-44CC-BE1D-8315D6B3247D}.Debug|Any CPU.ActiveCfg = Debug|Any CPU
		{2469CC0F-63BC-44CC-BE1D-8315D6B3247D}.Debug|Any CPU.Build.0 = Debug|Any CPU
		{2469CC0F-63BC-44CC-BE1D-8315D6B3247D}.Release|Any CPU.ActiveCfg = Release|Any CPU
		{2469CC0F-63BC-44CC-BE1D-8315D6B3247D}.Release|Any CPU.Build.0 = Release|Any CPU
		{A6D09746-63C6-4853-9F12-6844B46ABDEC}.Debug|Any CPU.ActiveCfg = Debug|Any CPU
		{A6D09746-63C6-4853-9F12-6844B46ABDEC}.Debug|Any CPU.Build.0 = Debug|Any CPU
		{A6D09746-63C6-4853-9F12-6844B46ABDEC}.Release|Any CPU.ActiveCfg = Release|Any CPU
		{A6D09746-63C6-4853-9F12-6844B46ABDEC}.Release|Any CPU.Build.0 = Release|Any CPU
		{A4206EBD-CC3D-431A-A6A6-254C21A71098}.Debug|Any CPU.ActiveCfg = Debug|Any CPU
		{A4206EBD-CC3D-431A-A6A6-254C21A71098}.Debug|Any CPU.Build.0 = Debug|Any CPU
		{A4206EBD-CC3D-431A-A6A6-254C21A71098}.Release|Any CPU.ActiveCfg = Release|Any CPU
		{A4206EBD-CC3D-431A-A6A6-254C21A71098}.Release|Any CPU.Build.0 = Release|Any CPU
	EndGlobalSection
	GlobalSection(SolutionProperties) = preSolution
		HideSolutionNode = FALSE
	EndGlobalSection
	GlobalSection(ExtensibilityGlobals) = postSolution
		SolutionGuid = {EF46A309-F7F5-4E9C-870F-54A31F8253A9}
	EndGlobalSection
EndGlobal
